
Microsoft Visual Studio Solution File, Format Version 12.00
# Visual Studio 15
VisualStudioVersion = 15.0.27428.2043
MinimumVisualStudioVersion = 10.0.40219.1
Project("{FAE04EC0-301F-11D3-BF4B-00C04F79EFBC}") = "Centipede.Console", "Centipede.Console\Centipede.Console.csproj", "{8DF7FF9B-D076-4804-BC5A-147482383ADC}"
EndProject
Project("{FAE04EC0-301F-11D3-BF4B-00C04F79EFBC}") = "Centipede.Core", "Centipede.Core\Centipede.Core.csproj", "{140CBAAE-A77F-498F-8DB8-2DE7299A86FD}"
EndProject
Global
	GlobalSection(SolutionConfigurationPlatforms) = preSolution
		Debug|Any CPU = Debug|Any CPU
		Release|Any CPU = Release|Any CPU
	EndGlobalSection
	GlobalSection(ProjectConfigurationPlatforms) = postSolution
		{8DF7FF9B-D076-4804-BC5A-147482383ADC}.Debug|Any CPU.ActiveCfg = Debug|Any CPU
		{8DF7FF9B-D076-4804-BC5A-147482383ADC}.Debug|Any CPU.Build.0 = Debug|Any CPU
		{8DF7FF9B-D076-4804-BC5A-147482383ADC}.Release|Any CPU.ActiveCfg = Release|Any CPU
		{8DF7FF9B-D076-4804-BC5A-147482383ADC}.Release|Any CPU.Build.0 = Release|Any CPU
		{140CBAAE-A77F-498F-8DB8-2DE7299A86FD}.Debug|Any CPU.ActiveCfg = Debug|Any CPU
		{140CBAAE-A77F-498F-8DB8-2DE7299A86FD}.Debug|Any CPU.Build.0 = Debug|Any CPU
		{140CBAAE-A77F-498F-8DB8-2DE7299A86FD}.Release|Any CPU.ActiveCfg = Release|Any CPU
		{140CBAAE-A77F-498F-8DB8-2DE7299A86FD}.Release|Any CPU.Build.0 = Release|Any CPU
	EndGlobalSection
	GlobalSection(SolutionProperties) = preSolution
		HideSolutionNode = FALSE
	EndGlobalSection
	GlobalSection(ExtensibilityGlobals) = postSolution
		SolutionGuid = {38B00662-FAB4-4821-8377-C6247BD4CD88}
	EndGlobalSection
EndGlobal
